PODS:
  - Flutter (1.0.0)
  - flutter_sound_lite (8.3.12):
    - Flutter
    - tau_core (= 8.3.12)
  - path_provider (0.0.1):
    - Flutter
  - "permission_handler (5.1.0+2)":
    - Flutter
  - tau_core (8.3.12)

DEPENDENCIES:
  - Flutter (from `Flutter`)
  - flutter_sound_lite (from `.symlinks/plugins/flutter_sound_lite/ios`)
  - path_provider (from `.symlinks/plugins/path_provider/ios`)
  - permission_handler (from `.symlinks/plugins/permission_handler/ios`)

SPEC REPOS:
  trunk:
    - tau_core

EXTERNAL SOURCES:
  Flutter:
    :path: Flutter
  flutter_sound_lite:
    :path: ".symlinks/plugins/flutter_sound_lite/ios"
  path_provider:
    :path: ".symlinks/plugins/path_provider/ios"
  permission_handler:
    :path: ".symlinks/plugins/permission_handler/ios"

SPEC CHECKSUMS:
  Flutter: 50d75fe2f02b26cc09d224853bb45737f8b3214a
  flutter_sound_lite: f8bd29458325f804f1b03007935d391cd43fdbe0
  path_provider: d1e9807085df1f9cc9318206cd649dc0b76be3de
  permission_handler: ccb20a9fad0ee9b1314a52b70b76b473c5f8dab0
  tau_core: 4b7be325f37983d3c74e1692d70e41e12b24d9be

PODFILE CHECKSUM: 7368163408c647b7eb699d0d788ba6718e18fb8d

COCOAPODS: 1.11.2
